
Microsoft Visual Studio Solution File, Format Version 12.00
# Visual Studio 15
VisualStudioVersion = 15.0.28307.329
MinimumVisualStudioVersion = 10.0.40219.1
Project("{FAE04EC0-301F-11D3-BF4B-00C04F79EFBC}") = "Soduku", "Soduku\Soduku.csproj", "{698A380C-1216-4C82-8F83-E19C28B2013B}"
EndProject
Global
	GlobalSection(SolutionConfigurationPlatforms) = preSolution
		Debug|Any CPU = Debug|Any CPU
		Release|Any CPU = Release|Any CPU
	EndGlobalSection
	GlobalSection(ProjectConfigurationPlatforms) = postSolution
		{698A380C-1216-4C82-8F83-E19C28B2013B}.Debug|Any CPU.ActiveCfg = Debug|Any CPU
		{698A380C-1216-4C82-8F83-E19C28B2013B}.Debug|Any CPU.Build.0 = Debug|Any CPU
		{698A380C-1216-4C82-8F83-E19C28B2013B}.Release|Any CPU.ActiveCfg = Release|Any CPU
		{698A380C-1216-4C82-8F83-E19C28B2013B}.Release|Any CPU.Build.0 = Release|Any CPU
	EndGlobalSection
	GlobalSection(SolutionProperties) = preSolution
		HideSolutionNode = FALSE
	EndGlobalSection
	GlobalSection(ExtensibilityGlobals) = postSolution
		SolutionGuid = {0A1378A2-F3D2-405F-91DA-22CCD1A8411E}
	EndGlobalSection
EndGlobal
